# THIS IS AN AUTOGENERATED FILE. DO NOT EDIT THIS FILE DIRECTLY.
# yarn lockfile v1


"@esbuild/android-arm64@0.16.17":
  version "0.16.17"
  resolved "https://registry.npm.alibaba-inc.com/@esbuild/android-arm64/download/@esbuild/android-arm64-0.16.17.tgz#cf91e86df127aa3d141744edafcba0abdc577d23"
  integrity sha512-MIGl6p5sc3RDTLLkYL1MyL8BMRN4tLMRCn+yRJJmEDvYZ2M7tmAf80hx1kbNEUX2KJ50RRtxZ4JHLvCfuB6kBg==

"@esbuild/android-arm@0.16.17":
  version "0.16.17"
  resolved "https://registry.npm.alibaba-inc.com/@esbuild/android-arm/download/@esbuild/android-arm-0.16.17.tgz#025b6246d3f68b7bbaa97069144fb5fb70f2fff2"
  integrity sha512-N9x1CMXVhtWEAMS7pNNONyA14f71VPQN9Cnavj1XQh6T7bskqiLLrSca4O0Vr8Wdcga943eThxnVp3JLnBMYtw==

"@esbuild/android-x64@0.16.17":
  version "0.16.17"
  resolved "https://registry.npm.alibaba-inc.com/@esbuild/android-x64/download/@esbuild/android-x64-0.16.17.tgz#c820e0fef982f99a85c4b8bfdd582835f04cd96e"
  integrity sha512-a3kTv3m0Ghh4z1DaFEuEDfz3OLONKuFvI4Xqczqx4BqLyuFaFkuaG4j2MtA6fuWEFeC5x9IvqnX7drmRq/fyAQ==

"@esbuild/darwin-arm64@0.16.17":
  version "0.16.17"
  resolved "https://registry.npm.alibaba-inc.com/@esbuild/darwin-arm64/download/@esbuild/darwin-arm64-0.16.17.tgz#edef4487af6b21afabba7be5132c26d22379b220"
  integrity sha512-/2agbUEfmxWHi9ARTX6OQ/KgXnOWfsNlTeLcoV7HSuSTv63E4DqtAc+2XqGw1KHxKMHGZgbVCZge7HXWX9Vn+w==

"@esbuild/darwin-x64@0.16.17":
  version "0.16.17"
  resolved "https://registry.npm.alibaba-inc.com/@esbuild/darwin-x64/download/@esbuild/darwin-x64-0.16.17.tgz#42829168730071c41ef0d028d8319eea0e2904b4"
  integrity sha512-2By45OBHulkd9Svy5IOCZt376Aa2oOkiE9QWUK9fe6Tb+WDr8hXL3dpqi+DeLiMed8tVXspzsTAvd0jUl96wmg==

"@esbuild/freebsd-arm64@0.16.17":
  version "0.16.17"
  resolved "https://registry.npm.alibaba-inc.com/@esbuild/freebsd-arm64/download/@esbuild/freebsd-arm64-0.16.17.tgz#1f4af488bfc7e9ced04207034d398e793b570a27"
  integrity sha512-mt+cxZe1tVx489VTb4mBAOo2aKSnJ33L9fr25JXpqQqzbUIw/yzIzi+NHwAXK2qYV1lEFp4OoVeThGjUbmWmdw==

"@esbuild/freebsd-x64@0.16.17":
  version "0.16.17"
  resolved "https://registry.npm.alibaba-inc.com/@esbuild/freebsd-x64/download/@esbuild/freebsd-x64-0.16.17.tgz#636306f19e9bc981e06aa1d777302dad8fddaf72"
  integrity sha512-8ScTdNJl5idAKjH8zGAsN7RuWcyHG3BAvMNpKOBaqqR7EbUhhVHOqXRdL7oZvz8WNHL2pr5+eIT5c65kA6NHug==

"@esbuild/linux-arm64@0.16.17":
  version "0.16.17"
  resolved "https://registry.npm.alibaba-inc.com/@esbuild/linux-arm64/download/@esbuild/linux-arm64-0.16.17.tgz#a003f7ff237c501e095d4f3a09e58fc7b25a4aca"
  integrity sha512-7S8gJnSlqKGVJunnMCrXHU9Q8Q/tQIxk/xL8BqAP64wchPCTzuM6W3Ra8cIa1HIflAvDnNOt2jaL17vaW+1V0g==

"@esbuild/linux-arm@0.16.17":
  version "0.16.17"
  resolved "https://registry.npm.alibaba-inc.com/@esbuild/linux-arm/download/@esbuild/linux-arm-0.16.17.tgz#b591e6a59d9c4fe0eeadd4874b157ab78cf5f196"
  integrity sha512-iihzrWbD4gIT7j3caMzKb/RsFFHCwqqbrbH9SqUSRrdXkXaygSZCZg1FybsZz57Ju7N/SHEgPyaR0LZ8Zbe9gQ==

"@esbuild/linux-ia32@0.16.17":
  version "0.16.17"
  resolved "https://registry.npm.alibaba-inc.com/@esbuild/linux-ia32/download/@esbuild/linux-ia32-0.16.17.tgz#24333a11027ef46a18f57019450a5188918e2a54"
  integrity sha512-kiX69+wcPAdgl3Lonh1VI7MBr16nktEvOfViszBSxygRQqSpzv7BffMKRPMFwzeJGPxcio0pdD3kYQGpqQ2SSg==

"@esbuild/linux-loong64@0.16.17":
  version "0.16.17"
  resolved "https://registry.npm.alibaba-inc.com/@esbuild/linux-loong64/download/@esbuild/linux-loong64-0.16.17.tgz#d5ad459d41ed42bbd4d005256b31882ec52227d8"
  integrity sha512-dTzNnQwembNDhd654cA4QhbS9uDdXC3TKqMJjgOWsC0yNCbpzfWoXdZvp0mY7HU6nzk5E0zpRGGx3qoQg8T2DQ==

"@esbuild/linux-mips64el@0.16.17":
  version "0.16.17"
  resolved "https://registry.npm.alibaba-inc.com/@esbuild/linux-mips64el/download/@esbuild/linux-mips64el-0.16.17.tgz#4e5967a665c38360b0a8205594377d4dcf9c3726"
  integrity sha512-ezbDkp2nDl0PfIUn0CsQ30kxfcLTlcx4Foz2kYv8qdC6ia2oX5Q3E/8m6lq84Dj/6b0FrkgD582fJMIfHhJfSw==

"@esbuild/linux-ppc64@0.16.17":
  version "0.16.17"
  resolved "https://registry.npm.alibaba-inc.com/@esbuild/linux-ppc64/download/@esbuild/linux-ppc64-0.16.17.tgz#206443a02eb568f9fdf0b438fbd47d26e735afc8"
  integrity sha512-dzS678gYD1lJsW73zrFhDApLVdM3cUF2MvAa1D8K8KtcSKdLBPP4zZSLy6LFZ0jYqQdQ29bjAHJDgz0rVbLB3g==

"@esbuild/linux-riscv64@0.16.17":
  version "0.16.17"
  resolved "https://registry.npm.alibaba-inc.com/@esbuild/linux-riscv64/download/@esbuild/linux-riscv64-0.16.17.tgz#c351e433d009bf256e798ad048152c8d76da2fc9"
  integrity sha512-ylNlVsxuFjZK8DQtNUwiMskh6nT0vI7kYl/4fZgV1llP5d6+HIeL/vmmm3jpuoo8+NuXjQVZxmKuhDApK0/cKw==

"@esbuild/linux-s390x@0.16.17":
  version "0.16.17"
  resolved "https://registry.npm.alibaba-inc.com/@esbuild/linux-s390x/download/@esbuild/linux-s390x-0.16.17.tgz#661f271e5d59615b84b6801d1c2123ad13d9bd87"
  integrity sha512-gzy7nUTO4UA4oZ2wAMXPNBGTzZFP7mss3aKR2hH+/4UUkCOyqmjXiKpzGrY2TlEUhbbejzXVKKGazYcQTZWA/w==

"@esbuild/linux-x64@0.16.17":
  version "0.16.17"
  resolved "https://registry.npm.alibaba-inc.com/@esbuild/linux-x64/download/@esbuild/linux-x64-0.16.17.tgz#e4ba18e8b149a89c982351443a377c723762b85f"
  integrity sha512-mdPjPxfnmoqhgpiEArqi4egmBAMYvaObgn4poorpUaqmvzzbvqbowRllQ+ZgzGVMGKaPkqUmPDOOFQRUFDmeUw==

"@esbuild/netbsd-x64@0.16.17":
  version "0.16.17"
  resolved "https://registry.npm.alibaba-inc.com/@esbuild/netbsd-x64/download/@esbuild/netbsd-x64-0.16.17.tgz#7d4f4041e30c5c07dd24ffa295c73f06038ec775"
  integrity sha512-/PzmzD/zyAeTUsduZa32bn0ORug+Jd1EGGAUJvqfeixoEISYpGnAezN6lnJoskauoai0Jrs+XSyvDhppCPoKOA==

"@esbuild/openbsd-x64@0.16.17":
  version "0.16.17"
  resolved "https://registry.npm.alibaba-inc.com/@esbuild/openbsd-x64/download/@esbuild/openbsd-x64-0.16.17.tgz#970fa7f8470681f3e6b1db0cc421a4af8060ec35"
  integrity sha512-2yaWJhvxGEz2RiftSk0UObqJa/b+rIAjnODJgv2GbGGpRwAfpgzyrg1WLK8rqA24mfZa9GvpjLcBBg8JHkoodg==

"@esbuild/sunos-x64@0.16.17":
  version "0.16.17"
  resolved "https://registry.npm.alibaba-inc.com/@esbuild/sunos-x64/download/@esbuild/sunos-x64-0.16.17.tgz#abc60e7c4abf8b89fb7a4fe69a1484132238022c"
  integrity sha512-xtVUiev38tN0R3g8VhRfN7Zl42YCJvyBhRKw1RJjwE1d2emWTVToPLNEQj/5Qxc6lVFATDiy6LjVHYhIPrLxzw==

"@esbuild/win32-arm64@0.16.17":
  version "0.16.17"
  resolved "https://registry.npm.alibaba-inc.com/@esbuild/win32-arm64/download/@esbuild/win32-arm64-0.16.17.tgz#7b0ff9e8c3265537a7a7b1fd9a24e7bd39fcd87a"
  integrity sha512-ga8+JqBDHY4b6fQAmOgtJJue36scANy4l/rL97W+0wYmijhxKetzZdKOJI7olaBaMhWt8Pac2McJdZLxXWUEQw==

"@esbuild/win32-ia32@0.16.17":
  version "0.16.17"
  resolved "https://registry.npm.alibaba-inc.com/@esbuild/win32-ia32/download/@esbuild/win32-ia32-0.16.17.tgz#e90fe5267d71a7b7567afdc403dfd198c292eb09"
  integrity sha512-WnsKaf46uSSF/sZhwnqE4L/F89AYNMiD4YtEcYekBt9Q7nj0DiId2XH2Ng2PHM54qi5oPrQ8luuzGszqi/veig==

"@esbuild/win32-x64@0.16.17":
  version "0.16.17"
  resolved "https://registry.npm.alibaba-inc.com/@esbuild/win32-x64/download/@esbuild/win32-x64-0.16.17.tgz#c5a1a4bfe1b57f0c3e61b29883525c6da3e5c091"
  integrity sha512-y+EHuSchhL7FjHgvQL/0fnnFmO4T1bhvWANX6gcnqTjtnKWbTvUMCpGnv2+t+31d7RzyEAYAd4u2fnIhHL6N/Q==

"@types/chai-subset@^1.3.3":
  version "1.3.3"
  resolved "https://registry.npm.alibaba-inc.com/@types/chai-subset/download/@types/chai-subset-1.3.3.tgz#97893814e92abd2c534de422cb377e0e0bdaac94"
  integrity sha1-l4k4FOkqvSxTTeQiyzd+DgvarJQ=
  dependencies:
    "@types/chai" "*"

"@types/chai@*", "@types/chai@^4.3.4":
  version "4.3.4"
  resolved "https://registry.npm.alibaba-inc.com/@types/chai/download/@types/chai-4.3.4.tgz#e913e8175db8307d78b4e8fa690408ba6b65dee4"
  integrity sha512-KnRanxnpfpjUTqTCXslZSEdLfXExwgNxYPdiO2WGUj8+HDjFi8R3k5RVKPeSCzLjCcshCAtVO2QBbVuAV4kTnw==

"@types/node@*":
  version "18.14.0"
  resolved "https://registry.npm.alibaba-inc.com/@types/node/download/@types/node-18.14.0.tgz#94c47b9217bbac49d4a67a967fdcdeed89ebb7d0"
  integrity sha512-5EWrvLmglK+imbCJY0+INViFWUHg1AHel1sq4ZVSfdcNqGy9Edv3UB9IIzzg+xPaUcAgZYcfVs2fBcwDeZzU0A==

"@vitest/expect@0.28.5":
  version "0.28.5"
  resolved "https://registry.npm.alibaba-inc.com/@vitest/expect/download/@vitest/expect-0.28.5.tgz#d5a6eccd014e9ad66fe87a20d16426a2815c0e8a"
  integrity sha512-gqTZwoUTwepwGIatnw4UKpQfnoyV0Z9Czn9+Lo2/jLIt4/AXLTn+oVZxlQ7Ng8bzcNkR+3DqLJ08kNr8jRmdNQ==
  dependencies:
    "@vitest/spy" "0.28.5"
    "@vitest/utils" "0.28.5"
    chai "^4.3.7"

"@vitest/runner@0.28.5":
  version "0.28.5"
  resolved "https://registry.npm.alibaba-inc.com/@vitest/runner/download/@vitest/runner-0.28.5.tgz#4a18fe0e40b25569763f9f1f64b799d1629b3026"
  integrity sha512-NKkHtLB+FGjpp5KmneQjTcPLWPTDfB7ie+MmF1PnUBf/tGe2OjGxWyB62ySYZ25EYp9krR5Bw0YPLS/VWh1QiA==
  dependencies:
    "@vitest/utils" "0.28.5"
    p-limit "^4.0.0"
    pathe "^1.1.0"

"@vitest/spy@0.28.5":
  version "0.28.5"
  resolved "https://registry.npm.alibaba-inc.com/@vitest/spy/download/@vitest/spy-0.28.5.tgz#b69affa0786200251b9e5aac5c58bbfb1b3273c9"
  integrity sha512-7if6rsHQr9zbmvxN7h+gGh2L9eIIErgf8nSKYDlg07HHimCxp4H6I/X/DPXktVPPLQfiZ1Cw2cbDIx9fSqDjGw==
  dependencies:
    tinyspy "^1.0.2"

"@vitest/utils@0.28.5":
  version "0.28.5"
  resolved "https://registry.npm.alibaba-inc.com/@vitest/utils/download/@vitest/utils-0.28.5.tgz#7b82b528df86adfbd4a1f6a3b72c39790e81de0d"
  integrity sha512-UyZdYwdULlOa4LTUSwZ+Paz7nBHGTT72jKwdFSV4IjHF1xsokp+CabMdhjvVhYwkLfO88ylJT46YMilnkSARZA==
  dependencies:
    cli-truncate "^3.1.0"
    diff "^5.1.0"
    loupe "^2.3.6"
    picocolors "^1.0.0"
    pretty-format "^27.5.1"

acorn-walk@^8.2.0:
  version "8.2.0"
  resolved "https://registry.npm.alibaba-inc.com/acorn-walk/download/acorn-walk-8.2.0.tgz#741210f2e2426454508853a2f44d0ab83b7f69c1"
  integrity sha1-dBIQ8uJCZFRQiFOi9E0KuDt/acE=

acorn@^8.8.1, acorn@^8.8.2:
  version "8.8.2"
  resolved "https://registry.npm.alibaba-inc.com/acorn/download/acorn-8.8.2.tgz#1b2f25db02af965399b9776b0c2c391276d37c4a"
  integrity sha512-xjIYgE8HBrkpd/sJqOGNspf8uHG+NOHGOw6a/Urj8taM2EXfdNAH2oFcPeIFfsv3+kz/mJrS5VuMqbNLjCa2vw==

ansi-regex@^5.0.1:
  version "5.0.1"
  resolved "https://registry.npm.alibaba-inc.com/ansi-regex/download/ansi-regex-5.0.1.tgz#082cb2c89c9fe8659a311a53bd6a4dc5301db304"
  integrity sha1-CCyyyJyf6GWaMRpTvWpNxTAdswQ=

ansi-regex@^6.0.1:
  version "6.0.1"
  resolved "https://registry.npm.alibaba-inc.com/ansi-regex/download/ansi-regex-6.0.1.tgz#3183e38fae9a65d7cb5e53945cd5897d0260a06a"
  integrity sha1-MYPjj66aZdfLXlOUXNWJfQJgoGo=

ansi-styles@^5.0.0:
  version "5.2.0"
  resolved "https://registry.npm.alibaba-inc.com/ansi-styles/download/ansi-styles-5.2.0.tgz#07449690ad45777d1924ac2abb2fc8895dba836b"
  integrity sha1-B0SWkK1Fd30ZJKwquy/IiV26g2s=

ansi-styles@^6.0.0:
  version "6.2.1"
  resolved "https://registry.npm.alibaba-inc.com/ansi-styles/download/ansi-styles-6.2.1.tgz#0e62320cf99c21afff3b3012192546aacbfb05c5"
  integrity sha512-bN798gFfQX+viw3R7yrGWRqnrN2oRkEkUjjl4JNn4E8GxxbjtG3FbrEIIY3l8/hrwUwIeCZvi4QuOTP4MErVug==

assertion-error@^1.1.0:
  version "1.1.0"
  resolved "https://registry.npm.alibaba-inc.com/assertion-error/download/assertion-error-1.1.0.tgz#e60b6b0e8f301bd97e5375215bda406c85118c0b"
  integrity sha1-5gtrDo8wG9l+U3UhW9pAbIURjAs=

buffer-from@^1.0.0:
  version "1.1.2"
  resolved "https://registry.npm.alibaba-inc.com/buffer-from/download/buffer-from-1.1.2.tgz#2b146a6fd72e80b4f55d255f35ed59a3a9a41bd5"
  integrity sha1-KxRqb9cugLT1XSVfNe1Zo6mkG9U=

cac@^6.7.14:
  version "6.7.14"
  resolved "https://registry.npm.alibaba-inc.com/cac/download/cac-6.7.14.tgz#804e1e6f506ee363cb0e3ccbb09cad5dd9870959"
  integrity sha512-b6Ilus+c3RrdDk+JhLKUAQfzzgLEPy6wcXqS7f/xe1EETvsDP6GORG7SFuOs6cID5YkqchW/LXZbX5bc8j7ZcQ==

chai@^4.3.7:
  version "4.3.7"
  resolved "https://registry.npm.alibaba-inc.com/chai/download/chai-4.3.7.tgz#ec63f6df01829088e8bf55fca839bcd464a8ec51"
  integrity sha512-HLnAzZ2iupm25PlN0xFreAlBA5zaBSv3og0DdeGA4Ar6h6rJ3A0rolRUKJhSF2V10GZKDgWF/VmAEsNWjCRB+A==
  dependencies:
    assertion-error "^1.1.0"
    check-error "^1.0.2"
    deep-eql "^4.1.2"
    get-func-name "^2.0.0"
    loupe "^2.3.1"
    pathval "^1.1.1"
    type-detect "^4.0.5"

check-error@^1.0.2:
  version "1.0.2"
  resolved "https://registry.npm.alibaba-inc.com/check-error/download/check-error-1.0.2.tgz#574d312edd88bb5dd8912e9286dd6c0aed4aac82"
  integrity sha1-V00xLt2Iu13YkS6Sht1sCu1KrII=

cli-truncate@^3.1.0:
  version "3.1.0"
  resolved "https://registry.npm.alibaba-inc.com/cli-truncate/download/cli-truncate-3.1.0.tgz#3f23ab12535e3d73e839bb43e73c9de487db1389"
  integrity sha1-PyOrElNePXPoObtD5zyd5IfbE4k=
  dependencies:
    slice-ansi "^5.0.0"
    string-width "^5.0.0"

css.escape@^1.5.1:
  version "1.5.1"
  resolved "https://registry.npm.alibaba-inc.com/css.escape/download/css.escape-1.5.1.tgz#42e27d4fa04ae32f931a4b4d4191fa9cddee97cb"
  integrity sha1-QuJ9T6BK4y+TGktNQZH6nN3ul8s=

debug@^4.3.4:
  version "4.3.4"
  resolved "https://registry.npm.alibaba-inc.com/debug/download/debug-4.3.4.tgz#1319f6579357f2338d3337d2cdd4914bb5dcc865"
  integrity sha512-PRWFHuSU3eDtQJPvnNY7Jcket1j0t5OuOsFzPPzsekD52Zl8qUfFIPEiswXqIvHWGVHOgX+7G/vCNNhehwxfkQ==
  dependencies:
    ms "2.1.2"

deep-eql@^4.1.2:
  version "4.1.3"
  resolved "https://registry.npm.alibaba-inc.com/deep-eql/download/deep-eql-4.1.3.tgz#7c7775513092f7df98d8df9996dd085eb668cc6d"
  integrity sha512-WaEtAOpRA1MQ0eohqZjpGD8zdI0Ovsm8mmFhaDN8dvDZzyoUMcYDnf5Y6iu7HTXxf8JDS23qWa4a+hKCDyOPzw==
  dependencies:
    type-detect "^4.0.0"

diff@^5.1.0:
  version "5.1.0"
  resolved "https://registry.npm.alibaba-inc.com/diff/download/diff-5.1.0.tgz#bc52d298c5ea8df9194800224445ed43ffc87e40"
  integrity sha512-D+mk+qE8VC/PAUrlAU34N+VfXev0ghe5ywmpqrawphmVZc1bEfn56uo9qpyGp1p4xpzOHkSW4ztBd6L7Xx4ACw==

eastasianwidth@^0.2.0:
  version "0.2.0"
  resolved "https://registry.npm.alibaba-inc.com/eastasianwidth/download/eastasianwidth-0.2.0.tgz#696ce2ec0aa0e6ea93a397ffcf24aa7840c827cb"
  integrity sha1-aWzi7Aqg5uqTo5f/zySqeEDIJ8s=

emoji-regex@^9.2.2:
  version "9.2.2"
  resolved "https://registry.npm.alibaba-inc.com/emoji-regex/download/emoji-regex-9.2.2.tgz#840c8803b0d8047f4ff0cf963176b32d4ef3ed72"
  integrity sha1-hAyIA7DYBH9P8M+WMXazLU7z7XI=

esbuild@^0.16.14:
  version "0.16.17"
  resolved "https://registry.npm.alibaba-inc.com/esbuild/download/esbuild-0.16.17.tgz#fc2c3914c57ee750635fee71b89f615f25065259"
  integrity sha512-G8LEkV0XzDMNwXKgM0Jwu3nY3lSTwSGY6XbxM9cr9+s0T/qSV1q1JVPBGzm3dcjhCic9+emZDmMffkwgPeOeLg==
  optionalDependencies:
    "@esbuild/android-arm" "0.16.17"
    "@esbuild/android-arm64" "0.16.17"
    "@esbuild/android-x64" "0.16.17"
    "@esbuild/darwin-arm64" "0.16.17"
    "@esbuild/darwin-x64" "0.16.17"
    "@esbuild/freebsd-arm64" "0.16.17"
    "@esbuild/freebsd-x64" "0.16.17"
    "@esbuild/linux-arm" "0.16.17"
    "@esbuild/linux-arm64" "0.16.17"
    "@esbuild/linux-ia32" "0.16.17"
    "@esbuild/linux-loong64" "0.16.17"
    "@esbuild/linux-mips64el" "0.16.17"
    "@esbuild/linux-ppc64" "0.16.17"
    "@esbuild/linux-riscv64" "0.16.17"
    "@esbuild/linux-s390x" "0.16.17"
    "@esbuild/linux-x64" "0.16.17"
    "@esbuild/netbsd-x64" "0.16.17"
    "@esbuild/openbsd-x64" "0.16.17"
    "@esbuild/sunos-x64" "0.16.17"
    "@esbuild/win32-arm64" "0.16.17"
    "@esbuild/win32-ia32" "0.16.17"
    "@esbuild/win32-x64" "0.16.17"

fsevents@~2.3.2:
  version "2.3.2"
  resolved "https://registry.npm.alibaba-inc.com/fsevents/download/fsevents-2.3.2.tgz#8a526f78b8fdf4623b709e0b975c52c24c02fd1a"
  integrity sha1-ilJveLj99GI7cJ4Ll1xSwkwC/Ro=

function-bind@^1.1.1:
  version "1.1.1"
  resolved "https://registry.npm.alibaba-inc.com/function-bind/download/function-bind-1.1.1.tgz#a56899d3ea3c9bab874bb9773b7c5ede92f4895d"
  integrity sha1-pWiZ0+o8m6uHS7l3O3xe3pL0iV0=

get-func-name@^2.0.0:
  version "2.0.0"
  resolved "https://registry.npm.alibaba-inc.com/get-func-name/download/get-func-name-2.0.0.tgz#ead774abee72e20409433a066366023dd6887a41"
  integrity sha1-6td0q+5y4gQJQzoGY2YCPdaIekE=

happy-dom@^8.4.4:
  version "8.4.4"
  resolved "https://registry.npm.alibaba-inc.com/happy-dom/download/happy-dom-8.4.4.tgz#6813187a6aa5781d980d1967a43562016d8da331"
  integrity sha512-v0RbFlIIApDN8D7HOlCJWKE4BiRZgidM6I0v/1//ctDLkJcgvitgTw/AZ3S2BPN5Z9cMaVLnOIuvakJhf8dojw==
  dependencies:
    css.escape "^1.5.1"
    he "^1.2.0"
    node-fetch "^2.x.x"
    webidl-conversions "^7.0.0"
    whatwg-encoding "^2.0.0"
    whatwg-mimetype "^3.0.0"

has@^1.0.3:
  version "1.0.3"
  resolved "https://registry.npm.alibaba-inc.com/has/download/has-1.0.3.tgz#722d7cbfc1f6aa8241f16dd814e011e1f41e8796"
  integrity sha1-ci18v8H2qoJB8W3YFOAR4fQeh5Y=
  dependencies:
    function-bind "^1.1.1"

he@^1.2.0:
  version "1.2.0"
  resolved "https://registry.npm.alibaba-inc.com/he/download/he-1.2.0.tgz#84ae65fa7eafb165fddb61566ae14baf05664f0f"
  integrity sha1-hK5l+n6vsWX922FWauFLrwVmTw8=

iconv-lite@0.6.3:
  version "0.6.3"
  resolved "https://registry.npm.alibaba-inc.com/iconv-lite/download/iconv-lite-0.6.3.tgz#a52f80bf38da1952eb5c681790719871a1a72501"
  integrity sha1-pS+AvzjaGVLrXGgXkHGYcaGnJQE=
  dependencies:
    safer-buffer ">= 2.1.2 < 3.0.0"

is-core-module@^2.9.0:
  version "2.11.0"
  resolved "https://registry.npm.alibaba-inc.com/is-core-module/download/is-core-module-2.11.0.tgz#ad4cb3e3863e814523c96f3f58d26cc570ff0144"
  integrity sha512-RRjxlvLDkD1YJwDbroBHMb+cukurkDWNyHx7D3oNB5x9rb5ogcksMC5wHCadcXoo67gVr/+3GFySh3134zi6rw==
  dependencies:
    has "^1.0.3"

is-fullwidth-code-point@^4.0.0:
  version "4.0.0"
  resolved "https://registry.npm.alibaba-inc.com/is-fullwidth-code-point/download/is-fullwidth-code-point-4.0.0.tgz#fae3167c729e7463f8461ce512b080a49268aa88"
  integrity sha1-+uMWfHKedGP4RhzlErCApJJoqog=

jsonc-parser@^3.2.0:
  version "3.2.0"
  resolved "https://registry.npm.alibaba-inc.com/jsonc-parser/download/jsonc-parser-3.2.0.tgz#31ff3f4c2b9793f89c67212627c51c6394f88e76"
  integrity sha512-gfFQZrcTc8CnKXp6Y4/CBT3fTc0OVuDofpre4aEeEpSBPV5X5v4+Vmx+8snU7RLPrNHPKSgLxGo9YuQzz20o+w==

local-pkg@^0.4.2:
  version "0.4.3"
  resolved "https://registry.npm.alibaba-inc.com/local-pkg/download/local-pkg-0.4.3.tgz#0ff361ab3ae7f1c19113d9bb97b98b905dbc4963"
  integrity sha512-SFppqq5p42fe2qcZQqqEOiVRXl+WCP1MdT6k7BDEW1j++sp5fIY+/fdRQitvKgB5BrBcmrs5m/L0v2FrU5MY1g==

loupe@^2.3.1, loupe@^2.3.6:
  version "2.3.6"
  resolved "https://registry.npm.alibaba-inc.com/loupe/download/loupe-2.3.6.tgz#76e4af498103c532d1ecc9be102036a21f787b53"
  integrity sha512-RaPMZKiMy8/JruncMU5Bt6na1eftNoo++R4Y+N2FrxkDVTrGvcyzFTsaGif4QTeKESheMGegbhw6iUAq+5A8zA==
  dependencies:
    get-func-name "^2.0.0"

mlly@^1.1.0, mlly@^1.1.1:
  version "1.1.1"
  resolved "https://registry.npm.alibaba-inc.com/mlly/download/mlly-1.1.1.tgz#f1838b14795e2cc284aa4ebcc76a258a52e6f537"
  integrity sha512-Jnlh4W/aI4GySPo6+DyTN17Q75KKbLTyFK8BrGhjNP4rxuUjbRWhE6gHg3bs33URWAF44FRm7gdQA348i3XxRw==
  dependencies:
    acorn "^8.8.2"
    pathe "^1.1.0"
    pkg-types "^1.0.1"
    ufo "^1.1.0"

ms@2.1.2:
  version "2.1.2"
  resolved "https://registry.npm.alibaba-inc.com/ms/download/ms-2.1.2.tgz#d09d1f357b443f493382a8eb3ccd183872ae6009"
  integrity sha1-0J0fNXtEP0kzgqjrPM0YOHKuYAk=

nanoid@^3.3.4:
  version "3.3.4"
  resolved "https://registry.npm.alibaba-inc.com/nanoid/download/nanoid-3.3.4.tgz#730b67e3cd09e2deacf03c027c81c9d9dbc5e8ab"
  integrity sha512-MqBkQh/OHTS2egovRtLk45wEyNXwF+cokD+1YPf9u5VfJiRdAiRwB2froX5Co9Rh20xs4siNPm8naNotSD6RBw==

node-fetch@^2.x.x:
  version "2.6.9"
  resolved "https://registry.npm.alibaba-inc.com/node-fetch/download/node-fetch-2.6.9.tgz#7c7f744b5cc6eb5fd404e0c7a9fec630a55657e6"
  integrity sha512-DJm/CJkZkRjKKj4Zi4BsKVZh3ValV5IR5s7LVZnW+6YMh0W1BfNA8XSs6DLMGYlId5F3KnA70uu2qepcR08Qqg==
  dependencies:
    whatwg-url "^5.0.0"

p-limit@^4.0.0:
  version "4.0.0"
  resolved "https://registry.npm.alibaba-inc.com/p-limit/download/p-limit-4.0.0.tgz#914af6544ed32bfa54670b061cafcbd04984b644"
  integrity sha1-kUr2VE7TK/pUZwsGHK/L0EmEtkQ=
  dependencies:
    yocto-queue "^1.0.0"

path-parse@^1.0.7:
  version "1.0.7"
  resolved "https://registry.npm.alibaba-inc.com/path-parse/download/path-parse-1.0.7.tgz#fbc114b60ca42b30d9daf5858e4bd68bbedb6735"
  integrity sha1-+8EUtgykKzDZ2vWFjkvWi77bZzU=

pathe@^1.1.0:
  version "1.1.0"
  resolved "https://registry.npm.alibaba-inc.com/pathe/download/pathe-1.1.0.tgz#e2e13f6c62b31a3289af4ba19886c230f295ec03"
  integrity sha512-ODbEPR0KKHqECXW1GoxdDb+AZvULmXjVPy4rt+pGo2+TnjJTIPJQSVS6N63n8T2Ip+syHhbn52OewKicV0373w==

pathval@^1.1.1:
  version "1.1.1"
  resolved "https://registry.npm.alibaba-inc.com/pathval/download/pathval-1.1.1.tgz#8534e77a77ce7ac5a2512ea21e0fdb8fcf6c3d8d"
  integrity sha1-hTTnenfOesWiUS6iHg/bj89sPY0=

picocolors@^1.0.0:
  version "1.0.0"
  resolved "https://registry.npm.alibaba-inc.com/picocolors/download/picocolors-1.0.0.tgz#cb5bdc74ff3f51892236eaf79d68bc44564ab81c"
  integrity sha1-y1vcdP8/UYkiNur3nWi8RFZKuBw=

pkg-types@^1.0.1:
  version "1.0.2"
  resolved "https://registry.npm.alibaba-inc.com/pkg-types/download/pkg-types-1.0.2.tgz#c233efc5210a781e160e0cafd60c0d0510a4b12e"
  integrity sha512-hM58GKXOcj8WTqUXnsQyJYXdeAPbythQgEF3nTcEo+nkD49chjQ9IKm/QJy9xf6JakXptz86h7ecP2024rrLaQ==
  dependencies:
    jsonc-parser "^3.2.0"
    mlly "^1.1.1"
    pathe "^1.1.0"

postcss@^8.4.21:
  version "8.4.21"
  resolved "https://registry.npm.alibaba-inc.com/postcss/download/postcss-8.4.21.tgz#c639b719a57efc3187b13a1d765675485f4134f4"
  integrity sha512-tP7u/Sn/dVxK2NnruI4H9BG+x+Wxz6oeZ1cJ8P6G/PZY0IKk4k/63TDsQf2kQq3+qoJeLm2kIBUNlZe3zgb4Zg==
  dependencies:
    nanoid "^3.3.4"
    picocolors "^1.0.0"
    source-map-js "^1.0.2"

pretty-format@^27.5.1:
  version "27.5.1"
  resolved "https://registry.npm.alibaba-inc.com/pretty-format/download/pretty-format-27.5.1.tgz#2181879fdea51a7a5851fb39d920faa63f01d88e"
  integrity sha512-Qb1gy5OrP5+zDf2Bvnzdl3jsTf1qXVMazbvCoKhtKqVs4/YK4ozX4gKQJJVyNe+cajNPn0KoC0MC3FUmaHWEmQ==
  dependencies:
    ansi-regex "^5.0.1"
    ansi-styles "^5.0.0"
    react-is "^17.0.1"

react-is@^17.0.1:
  version "17.0.2"
  resolved "https://registry.npm.alibaba-inc.com/react-is/download/react-is-17.0.2.tgz#e691d4a8e9c789365655539ab372762b0efb54f0"
  integrity sha1-5pHUqOnHiTZWVVOas3J2Kw77VPA=

resolve@^1.22.1:
  version "1.22.1"
  resolved "https://registry.npm.alibaba-inc.com/resolve/download/resolve-1.22.1.tgz#27cb2ebb53f91abb49470a928bba7558066ac177"
  integrity sha512-nBpuuYuY5jFsli/JIs1oldw6fOQCBioohqWZg/2hiaOybXOft4lonv85uDOKXdf8rhyK159cxU5cDcK/NKk8zw==
  dependencies:
    is-core-module "^2.9.0"
    path-parse "^1.0.7"
    supports-preserve-symlinks-flag "^1.0.0"

rollup@^3.10.0:
  version "3.17.0"
  resolved "https://registry.npm.alibaba-inc.com/rollup/download/rollup-3.17.0.tgz#f5ab5ffc16838a4732f6f71f7f58ffd96e6521d1"
  integrity sha512-0zZQ0J4p0ZtTla6l8sheDTUyNfGZQDpU5h0nPHf6xtUXIzKK70LmB2IRR0wLnzaL8a02fjmsJy+XCncbSwOpjg==
  optionalDependencies:
    fsevents "~2.3.2"

"safer-buffer@>= 2.1.2 < 3.0.0":
  version "2.1.2"
  resolved "https://registry.npm.alibaba-inc.com/safer-buffer/download/safer-buffer-2.1.2.tgz#44fa161b0187b9549dd84bb91802f9bd8385cd6a"
  integrity sha1-RPoWGwGHuVSd2Eu5GAL5vYOFzWo=

siginfo@^2.0.0:
  version "2.0.0"
  resolved "https://registry.npm.alibaba-inc.com/siginfo/download/siginfo-2.0.0.tgz#32e76c70b79724e3bb567cb9d543eb858ccfaf30"
  integrity sha1-MudscLeXJOO7Vny51UPrhYzPrzA=

slice-ansi@^5.0.0:
  version "5.0.0"
  resolved "https://registry.npm.alibaba-inc.com/slice-ansi/download/slice-ansi-5.0.0.tgz#b73063c57aa96f9cd881654b15294d95d285c42a"
  integrity sha1-tzBjxXqpb5zYgWVLFSlNldKFxCo=
  dependencies:
    ansi-styles "^6.0.0"
    is-fullwidth-code-point "^4.0.0"

source-map-js@^1.0.2:
  version "1.0.2"
  resolved "https://registry.npm.alibaba-inc.com/source-map-js/download/source-map-js-1.0.2.tgz#adbc361d9c62df380125e7f161f71c826f1e490c"
  integrity sha512-R0XvVJ9WusLiqTCEiGCmICCMplcCkIwwR11mOSD9CR5u+IXYdiseeEuXCVAjS54zqwkLcPNnmU4OeJ6tUrWhDw==

source-map-support@^0.5.21:
  version "0.5.21"
  resolved "https://registry.npm.alibaba-inc.com/source-map-support/download/source-map-support-0.5.21.tgz#04fe7c7f9e1ed2d662233c28cb2b35b9f63f6e4f"
  integrity sha1-BP58f54e0tZiIzwoyys1ufY/bk8=
  dependencies:
    buffer-from "^1.0.0"
    source-map "^0.6.0"

source-map@^0.6.0, source-map@^0.6.1:
  version "0.6.1"
  resolved "https://registry.npm.alibaba-inc.com/source-map/download/source-map-0.6.1.tgz#74722af32e9614e9c287a8d0bbde48b5e2f1a263"
  integrity sha1-dHIq8y6WFOnCh6jQu95IteLxomM=

stackback@0.0.2:
  version "0.0.2"
  resolved "https://registry.npm.alibaba-inc.com/stackback/download/stackback-0.0.2.tgz#1ac8a0d9483848d1695e418b6d031a3c3ce68e3b"
  integrity sha1-Gsig2Ug4SNFpXkGLbQMaPDzmjjs=

std-env@^3.3.1:
  version "3.3.2"
  resolved "https://registry.npm.alibaba-inc.com/std-env/download/std-env-3.3.2.tgz#af27343b001616015534292178327b202b9ee955"
  integrity sha512-uUZI65yrV2Qva5gqE0+A7uVAvO40iPo6jGhs7s8keRfHCmtg+uB2X6EiLGCI9IgL1J17xGhvoOqSz79lzICPTA==

string-width@^5.0.0:
  version "5.1.2"
  resolved "https://registry.npm.alibaba-inc.com/string-width/download/string-width-5.1.2.tgz#14f8daec6d81e7221d2a357e668cab73bdbca794"
  integrity sha512-HnLOCR3vjcY8beoNLtcjZ5/nxn2afmME6lhrDrebokqMap+XbeW8n9TXpPDOqdGK5qcI3oT0GKTW6wC7EMiVqA==
  dependencies:
    eastasianwidth "^0.2.0"
    emoji-regex "^9.2.2"
    strip-ansi "^7.0.1"

strip-ansi@^7.0.1:
  version "7.0.1"
  resolved "https://registry.npm.alibaba-inc.com/strip-ansi/download/strip-ansi-7.0.1.tgz#61740a08ce36b61e50e65653f07060d000975fb2"
  integrity sha1-YXQKCM42th5Q5lZT8HBg0ACXX7I=
  dependencies:
    ansi-regex "^6.0.1"

strip-literal@^1.0.0:
  version "1.0.1"
  resolved "https://registry.npm.alibaba-inc.com/strip-literal/download/strip-literal-1.0.1.tgz#0115a332710c849b4e46497891fb8d585e404bd2"
  integrity sha512-QZTsipNpa2Ppr6v1AmJHESqJ3Uz247MUS0OjrnnZjFAvEoWqxuyFuXn2xLgMtRnijJShAa1HL0gtJyUs7u7n3Q==
  dependencies:
    acorn "^8.8.2"

supports-preserve-symlinks-flag@^1.0.0:
  version "1.0.0"
  resolved "https://registry.npm.alibaba-inc.com/supports-preserve-symlinks-flag/download/supports-preserve-symlinks-flag-1.0.0.tgz#6eda4bd344a3c94aea376d4cc31bc77311039e09"
  integrity sha512-ot0WnXS9fgdkgIcePe6RHNk1WA8+muPa6cSjeR3V8K27q9BB1rTE3R1p7Hv0z1ZyAc8s6Vvv8DIyWf681MAt0w==

tinybench@^2.3.1:
  version "2.3.1"
  resolved "https://registry.npm.alibaba-inc.com/tinybench/download/tinybench-2.3.1.tgz#14f64e6b77d7ef0b1f6ab850c7a808c6760b414d"
  integrity sha512-hGYWYBMPr7p4g5IarQE7XhlyWveh1EKhy4wUBS1LrHXCKYgvz+4/jCqgmJqZxxldesn05vccrtME2RLLZNW7iA==

tinypool@^0.3.1:
  version "0.3.1"
  resolved "https://registry.npm.alibaba-inc.com/tinypool/download/tinypool-0.3.1.tgz#a99c2e446aba9be05d3e1cb756d6aed7af4723b6"
  integrity sha512-zLA1ZXlstbU2rlpA4CIeVaqvWq41MTWqLY3FfsAXgC8+f7Pk7zroaJQxDgxn1xNudKW6Kmj4808rPFShUlIRmQ==

tinyspy@^1.0.2:
  version "1.1.1"
  resolved "https://registry.npm.alibaba-inc.com/tinyspy/download/tinyspy-1.1.1.tgz#0cb91d5157892af38cb2d217f5c7e8507a5bf092"
  integrity sha512-UVq5AXt/gQlti7oxoIg5oi/9r0WpF7DGEVwXgqWSMmyN16+e3tl5lIvTaOpJ3TAtu5xFzWccFRM4R5NaWHF+4g==

tr46@~0.0.3:
  version "0.0.3"
  resolved "https://registry.npm.alibaba-inc.com/tr46/download/tr46-0.0.3.tgz#8184fd347dac9cdc185992f3a6622e14b9d9ab6a"
  integrity sha1-gYT9NH2snNwYWZLzpmIuFLnZq2o=

type-detect@^4.0.0, type-detect@^4.0.5:
  version "4.0.8"
  resolved "https://registry.npm.alibaba-inc.com/type-detect/download/type-detect-4.0.8.tgz#7646fb5f18871cfbb7749e69bd39a6388eb7450c"
  integrity sha1-dkb7XxiHHPu3dJ5pvTmmOI63RQw=

ufo@^1.1.0:
  version "1.1.0"
  resolved "https://registry.npm.alibaba-inc.com/ufo/download/ufo-1.1.0.tgz#a5c4c814b0a98f7e0ca42c478688663fd3e3c037"
  integrity sha512-LQc2s/ZDMaCN3QLpa+uzHUOQ7SdV0qgv3VBXOolQGXTaaZpIur6PwUclF5nN2hNkiTRcUugXd1zFOW3FLJ135Q==

vite-node@0.28.5:
  version "0.28.5"
  resolved "https://registry.npm.alibaba-inc.com/vite-node/download/vite-node-0.28.5.tgz#56d0f78846ea40fddf2e28390899df52a4738006"
  integrity sha512-LmXb9saMGlrMZbXTvOveJKwMTBTNUH66c8rJnQ0ZPNX+myPEol64+szRzXtV5ORb0Hb/91yq+/D3oERoyAt6LA==
  dependencies:
    cac "^6.7.14"
    debug "^4.3.4"
    mlly "^1.1.0"
    pathe "^1.1.0"
    picocolors "^1.0.0"
    source-map "^0.6.1"
    source-map-support "^0.5.21"
    vite "^3.0.0 || ^4.0.0"

"vite@^3.0.0 || ^4.0.0", vite@^4.1.0:
  version "4.1.2"
  resolved "https://registry.npm.alibaba-inc.com/vite/download/vite-4.1.2.tgz#6908882984e490c44c28e784a2c52de556f04b41"
  integrity sha512-MWDb9Rfy3DI8omDQySbMK93nQqStwbsQWejXRY2EBzEWKmLAXWb1mkI9Yw2IJrc+oCvPCI1Os5xSSIBYY6DEAw==
  dependencies:
    esbuild "^0.16.14"
    postcss "^8.4.21"
    resolve "^1.22.1"
    rollup "^3.10.0"
  optionalDependencies:
    fsevents "~2.3.2"

vitest@^0.28.5:
  version "0.28.5"
  resolved "https://registry.npm.alibaba-inc.com/vitest/download/vitest-0.28.5.tgz#94410a8924cd7189e4f1adffa8c5cde809cbf2f9"
  integrity sha512-pyCQ+wcAOX7mKMcBNkzDwEHRGqQvHUl0XnoHR+3Pb1hytAHISgSxv9h0gUiSiYtISXUU3rMrKiKzFYDrI6ZIHA==
  dependencies:
    "@types/chai" "^4.3.4"
    "@types/chai-subset" "^1.3.3"
    "@types/node" "*"
    "@vitest/expect" "0.28.5"
    "@vitest/runner" "0.28.5"
    "@vitest/spy" "0.28.5"
    "@vitest/utils" "0.28.5"
    acorn "^8.8.1"
    acorn-walk "^8.2.0"
    cac "^6.7.14"
    chai "^4.3.7"
    debug "^4.3.4"
    local-pkg "^0.4.2"
    pathe "^1.1.0"
    picocolors "^1.0.0"
    source-map "^0.6.1"
    std-env "^3.3.1"
    strip-literal "^1.0.0"
    tinybench "^2.3.1"
    tinypool "^0.3.1"
    tinyspy "^1.0.2"
    vite "^3.0.0 || ^4.0.0"
    vite-node "0.28.5"
    why-is-node-running "^2.2.2"

webidl-conversions@^3.0.0:
  version "3.0.1"
  resolved "https://registry.npm.alibaba-inc.com/webidl-conversions/download/webidl-conversions-3.0.1.tgz#24534275e2a7bc6be7bc86611cc16ae0a5654871"
  integrity sha1-JFNCdeKnvGvnvIZhHMFq4KVlSHE=

webidl-conversions@^7.0.0:
  version "7.0.0"
  resolved "https://registry.npm.alibaba-inc.com/webidl-conversions/download/webidl-conversions-7.0.0.tgz#256b4e1882be7debbf01d05f0aa2039778ea080a"
  integrity sha1-JWtOGIK+feu/AdBfCqIDl3jqCAo=

whatwg-encoding@^2.0.0:
  version "2.0.0"
  resolved "https://registry.npm.alibaba-inc.com/whatwg-encoding/download/whatwg-encoding-2.0.0.tgz#e7635f597fd87020858626805a2729fa7698ac53"
  integrity sha1-52NfWX/YcCCFhiaAWicp+naYrFM=
  dependencies:
    iconv-lite "0.6.3"

whatwg-mimetype@^3.0.0:
  version "3.0.0"
  resolved "https://registry.npm.alibaba-inc.com/whatwg-mimetype/download/whatwg-mimetype-3.0.0.tgz#5fa1a7623867ff1af6ca3dc72ad6b8a4208beba7"
  integrity sha1-X6GnYjhn/xr2yj3HKta4pCCL66c=

whatwg-url@^5.0.0:
  version "5.0.0"
  resolved "https://registry.npm.alibaba-inc.com/whatwg-url/download/whatwg-url-5.0.0.tgz#966454e8765462e37644d3626f6742ce8b70965d"
  integrity sha1-lmRU6HZUYuN2RNNib2dCzotwll0=
  dependencies:
    tr46 "~0.0.3"
    webidl-conversions "^3.0.0"

why-is-node-running@^2.2.2:
  version "2.2.2"
  resolved "https://registry.npm.alibaba-inc.com/why-is-node-running/download/why-is-node-running-2.2.2.tgz#4185b2b4699117819e7154594271e7e344c9973e"
  integrity sha512-6tSwToZxTOcotxHeA+qGCq1mVzKR3CwcJGmVcY+QE8SHy6TnpFnh8PAvPNHYr7EcuVeG0QSMxtYCuO1ta/G/oA==
  dependencies:
    siginfo "^2.0.0"
    stackback "0.0.2"

yocto-queue@^1.0.0:
  version "1.0.0"
  resolved "https://registry.npm.alibaba-inc.com/yocto-queue/download/yocto-queue-1.0.0.tgz#7f816433fb2cbc511ec8bf7d263c3b58a1a3c251"
  integrity sha1-f4FkM/ssvFEeyL99Jjw7WKGjwlE=
